// !$*UTF8*$!
{
	archiveVersion = 1;
	classes = {
	};
	objectVersion = 46;
	objects = {

/* Begin PBXBuildFile section */
		1087EB0B1E546376A747168B /* Pods.framework in Frameworks */ = {isa = PBXBuildFile; fileRef = 495889A71B8DDB6C375A9A59 /* Pods.framework */; };
		1F24A6FC1BF2593B00BC2796 /* AkiraTextField.swift in Sources */ = {isa = PBXBuildFile; fileRef = 1F24A6E41BF2593B00BC2796 /* AkiraTextField.swift */; };
		1F24A6FD1BF2593B00BC2796 /* HoshiTextField.swift in Sources */ = {isa = PBXBuildFile; fileRef = 1F24A6E51BF2593B00BC2796 /* HoshiTextField.swift */; };
		1F24A6FE1BF2593B00BC2796 /* Info.plist in Resources */ = {isa = PBXBuildFile; fileRef = 1F24A6E61BF2593B00BC2796 /* Info.plist */; };
		1F24A6FF1BF2593B00BC2796 /* IsaoTextField.swift in Sources */ = {isa = PBXBuildFile; fileRef = 1F24A6E71BF2593B00BC2796 /* IsaoTextField.swift */; };
		1F24A7001BF2593B00BC2796 /* JiroTextField.swift in Sources */ = {isa = PBXBuildFile; fileRef = 1F24A6E81BF2593B00BC2796 /* JiroTextField.swift */; };
		1F24A7011BF2593B00BC2796 /* KaedeTextField.swift in Sources */ = {isa = PBXBuildFile; fileRef = 1F24A6E91BF2593B00BC2796 /* KaedeTextField.swift */; };
		1F24A7021BF2593B00BC2796 /* MadokaTextField.swift in Sources */ = {isa = PBXBuildFile; fileRef = 1F24A6EA1BF2593B00BC2796 /* MadokaTextField.swift */; };
		1F24A7031BF2593B00BC2796 /* MinoruTextField.swift in Sources */ = {isa = PBXBuildFile; fileRef = 1F24A6EB1BF2593B00BC2796 /* MinoruTextField.swift */; };
		1F24A7041BF2593B00BC2796 /* TextFieldsEffects.swift in Sources */ = {isa = PBXBuildFile; fileRef = 1F24A6ED1BF2593B00BC2796 /* TextFieldsEffects.swift */; };
		1F24A7051BF2593B00BC2796 /* YokoTextField.swift in Sources */ = {isa = PBXBuildFile; fileRef = 1F24A6EE1BF2593B00BC2796 /* YokoTextField.swift */; };
		1F24A7061BF2593B00BC2796 /* YoshikoTextField.swift in Sources */ = {isa = PBXBuildFile; fileRef = 1F24A6EF1BF2593B00BC2796 /* YoshikoTextField.swift */; };
		1F24A7161BF271D700BC2796 /* PostLocationViewController.swift in Sources */ = {isa = PBXBuildFile; fileRef = 1F24A7151BF271D700BC2796 /* PostLocationViewController.swift */; };
		1F24A71B1BF2893300BC2796 /* Bakersfield Bold.ttf in Resources */ = {isa = PBXBuildFile; fileRef = 1F24A7171BF288C000BC2796 /* Bakersfield Bold.ttf */; };
		1F24A71C1BF2893600BC2796 /* Bakersfield Light.ttf in Resources */ = {isa = PBXBuildFile; fileRef = 1F24A7181BF288C000BC2796 /* Bakersfield Light.ttf */; };
		1F24A71D1BF2893C00BC2796 /* Prime Light.otf in Resources */ = {isa = PBXBuildFile; fileRef = 1F24A7191BF288D600BC2796 /* Prime Light.otf */; };
		1F24A71E1BF2894200BC2796 /* Prime Regular.otf in Resources */ = {isa = PBXBuildFile; fileRef = 1F24A71A1BF288D600BC2796 /* Prime Regular.otf */; };
		1F24A7201BF28A9F00BC2796 /* Modeka.otf in Resources */ = {isa = PBXBuildFile; fileRef = 1F24A71F1BF28A9C00BC2796 /* Modeka.otf */; };
		1F24A7221BF28BA800BC2796 /* BIG JOHN.otf in Resources */ = {isa = PBXBuildFile; fileRef = 1F24A7211BF28BA800BC2796 /* BIG JOHN.otf */; };
		1F24A7261BF2AEFE00BC2796 /* LocationTableViewCell.swift in Sources */ = {isa = PBXBuildFile; fileRef = 1F24A7251BF2AEFE00BC2796 /* LocationTableViewCell.swift */; };
		1F27F81C1BFFB03900839C10 /* Images.xcassets in Resources */ = {isa = PBXBuildFile; fileRef = 1F27F81B1BFFB03900839C10 /* Images.xcassets */; };
		1F346D2A1BF82ECC00063D48 /* OnTheMapConstants.swift in Sources */ = {isa = PBXBuildFile; fileRef = 1F346D291BF82ECC00063D48 /* OnTheMapConstants.swift */; };
		1F346D2E1BF9584000063D48 /* Launch Screen.storyboard in Resources */ = {isa = PBXBuildFile; fileRef = 1F346D2D1BF9584000063D48 /* Launch Screen.storyboard */; };
		1F346D301BFA738E00063D48 /* ChameleonFramework.framework in Frameworks */ = {isa = PBXBuildFile; fileRef = 1F346D2F1BFA738E00063D48 /* ChameleonFramework.framework */; };
		1F346D321BFA739800063D48 /* MBProgressHUD.framework in Frameworks */ = {isa = PBXBuildFile; fileRef = 1F346D311BFA739800063D48 /* MBProgressHUD.framework */; };
		1F346D341BFA73A200063D48 /* TextFieldEffects.framework in Frameworks */ = {isa = PBXBuildFile; fileRef = 1F346D331BFA73A200063D48 /* TextFieldEffects.framework */; };
		1F346D361BFA73A800063D48 /* SwiftSpinner.framework in Frameworks */ = {isa = PBXBuildFile; fileRef = 1F346D351BFA73A800063D48 /* SwiftSpinner.framework */; };
		1F787CFC1BEF969900BC80F6 /* Roboto-Medium.ttf in Resources */ = {isa = PBXBuildFile; fileRef = 1F787CF91BEF969900BC80F6 /* Roboto-Medium.ttf */; };
		1F787CFD1BEF969900BC80F6 /* Roboto-Regular.ttf in Resources */ = {isa = PBXBuildFile; fileRef = 1F787CFA1BEF969900BC80F6 /* Roboto-Regular.ttf */; };
		1F787CFE1BEF969900BC80F6 /* Roboto-Thin.ttf in Resources */ = {isa = PBXBuildFile; fileRef = 1F787CFB1BEF969900BC80F6 /* Roboto-Thin.ttf */; };
		1F787D011BEFAEE000BC80F6 /* LoginViewController.swift in Sources */ = {isa = PBXBuildFile; fileRef = 1F787D001BEFAEE000BC80F6 /* LoginViewController.swift */; };
		1F787D031BEFAF1000BC80F6 /* MapViewController.swift in Sources */ = {isa = PBXBuildFile; fileRef = 1F787D021BEFAF1000BC80F6 /* MapViewController.swift */; };
		1F787D051BEFAF4C00BC80F6 /* ListTableViewController.swift in Sources */ = {isa = PBXBuildFile; fileRef = 1F787D041BEFAF4C00BC80F6 /* ListTableViewController.swift */; };
		1F787D071BEFB02900BC80F6 /* UdaciousClient.swift in Sources */ = {isa = PBXBuildFile; fileRef = 1F787D061BEFB02900BC80F6 /* UdaciousClient.swift */; };
		1F787D091BEFB03600BC80F6 /* UdaciousConstants.swift in Sources */ = {isa = PBXBuildFile; fileRef = 1F787D081BEFB03600BC80F6 /* UdaciousConstants.swift */; };
		1F787D0B1BEFB04200BC80F6 /* UdaciousConvenience.swift in Sources */ = {isa = PBXBuildFile; fileRef = 1F787D0A1BEFB04200BC80F6 /* UdaciousConvenience.swift */; };
		1F787D141BEFF68900BC80F6 /* FBSDKCoreKit.framework in Frameworks */ = {isa = PBXBuildFile; fileRef = 1F787D111BEFF68900BC80F6 /* FBSDKCoreKit.framework */; };
		1F787D151BEFF68900BC80F6 /* FBSDKLoginKit.framework in Frameworks */ = {isa = PBXBuildFile; fileRef = 1F787D121BEFF68900BC80F6 /* FBSDKLoginKit.framework */; };
		1F787D161BEFF68900BC80F6 /* FBSDKShareKit.framework in Frameworks */ = {isa = PBXBuildFile; fileRef = 1F787D131BEFF68900BC80F6 /* FBSDKShareKit.framework */; };
		1F787D191BF0194E00BC80F6 /* OnePasswordExtension.m in Sources */ = {isa = PBXBuildFile; fileRef = 1F787D181BF0194E00BC80F6 /* OnePasswordExtension.m */; };
		1F787D1B1BF01A2400BC80F6 /* 1Password.xcassets in Resources */ = {isa = PBXBuildFile; fileRef = 1F787D1A1BF01A2400BC80F6 /* 1Password.xcassets */; };
		1F787D1D1BF054F700BC80F6 /* ExtendsUIViewController.swift in Sources */ = {isa = PBXBuildFile; fileRef = 1F787D1C1BF054F700BC80F6 /* ExtendsUIViewController.swift */; };
		1F787D201BF0562800BC80F6 /* ParseClient.swift in Sources */ = {isa = PBXBuildFile; fileRef = 1F787D1F1BF0562800BC80F6 /* ParseClient.swift */; };
		1F787D221BF0563300BC80F6 /* ParseConvenience.swift in Sources */ = {isa = PBXBuildFile; fileRef = 1F787D211BF0563300BC80F6 /* ParseConvenience.swift */; };
		1F787D241BF0564300BC80F6 /* ParseConstants.swift in Sources */ = {isa = PBXBuildFile; fileRef = 1F787D231BF0564300BC80F6 /* ParseConstants.swift */; };
		1F787D271BF0598800BC80F6 /* StudentLocationData.swift in Sources */ = {isa = PBXBuildFile; fileRef = 1F787D261BF0598800BC80F6 /* StudentLocationData.swift */; };
		1F787D6A1BF1299500BC80F6 /* MapKit.framework in Frameworks */ = {isa = PBXBuildFile; fileRef = 1F787D691BF1299500BC80F6 /* MapKit.framework */; };
		814C3ACA1B69877600E307BB /* Main.storyboard in Resources */ = {isa = PBXBuildFile; fileRef = 814C3AC61B69877600E307BB /* Main.storyboard */; };
		81BA814B1A49DA1800E65899 /* AppDelegate.swift in Sources */ = {isa = PBXBuildFile; fileRef = 81BA814A1A49DA1800E65899 /* AppDelegate.swift */; };
		81BA81701A49DB6800E65899 /* Bolts.framework in Frameworks */ = {isa = PBXBuildFile; fileRef = 81BA816B1A49DB6800E65899 /* Bolts.framework */; };
		81BA81711A49DB6800E65899 /* Parse.framework in Frameworks */ = {isa = PBXBuildFile; fileRef = 81BA816C1A49DB6800E65899 /* Parse.framework */; };
		81BA81771A49E0D500E65899 /* libsqlite3.dylib in Frameworks */ = {isa = PBXBuildFile; fileRef = 81BA81761A49E0D500E65899 /* libsqlite3.dylib */; };
		81BA81791A49E0DB00E65899 /* AudioToolbox.framework in Frameworks */ = {isa = PBXBuildFile; fileRef = 81BA81781A49E0DB00E65899 /* AudioToolbox.framework */; };
		81BA817B1A49E0E500E65899 /* SystemConfiguration.framework in Frameworks */ = {isa = PBXBuildFile; fileRef = 81BA817A1A49E0E500E65899 /* SystemConfiguration.framework */; };
		81BA817F1A49E0F000E65899 /* libstdc++.6.dylib in Frameworks */ = {isa = PBXBuildFile; fileRef = 81BA817E1A49E0F000E65899 /* libstdc++.6.dylib */; };
/* End PBXBuildFile section */

/* Begin PBXFileReference section */
		1F24A6E41BF2593B00BC2796 /* AkiraTextField.swift */ = {isa = PBXFileReference; fileEncoding = 4; lastKnownFileType = sourcecode.swift; path = AkiraTextField.swift; sourceTree = "<group>"; };
		1F24A6E51BF2593B00BC2796 /* HoshiTextField.swift */ = {isa = PBXFileReference; fileEncoding = 4; lastKnownFileType = sourcecode.swift; path = HoshiTextField.swift; sourceTree = "<group>"; };
		1F24A6E61BF2593B00BC2796 /* Info.plist */ = {isa = PBXFileReference; fileEncoding = 4; lastKnownFileType = text.plist.xml; path = Info.plist; sourceTree = "<group>"; };
		1F24A6E71BF2593B00BC2796 /* IsaoTextField.swift */ = {isa = PBXFileReference; fileEncoding = 4; lastKnownFileType = sourcecode.swift; path = IsaoTextField.swift; sourceTree = "<group>"; };
		1F24A6E81BF2593B00BC2796 /* JiroTextField.swift */ = {isa = PBXFileReference; fileEncoding = 4; lastKnownFileType = sourcecode.swift; path = JiroTextField.swift; sourceTree = "<group>"; };
		1F24A6E91BF2593B00BC2796 /* KaedeTextField.swift */ = {isa = PBXFileReference; fileEncoding = 4; lastKnownFileType = sourcecode.swift; path = KaedeTextField.swift; sourceTree = "<group>"; };
		1F24A6EA1BF2593B00BC2796 /* MadokaTextField.swift */ = {isa = PBXFileReference; fileEncoding = 4; lastKnownFileType = sourcecode.swift; path = MadokaTextField.swift; sourceTree = "<group>"; };
		1F24A6EB1BF2593B00BC2796 /* MinoruTextField.swift */ = {isa = PBXFileReference; fileEncoding = 4; lastKnownFileType = sourcecode.swift; path = MinoruTextField.swift; sourceTree = "<group>"; };
		1F24A6EC1BF2593B00BC2796 /* TextFieldEffects.h */ = {isa = PBXFileReference; fileEncoding = 4; lastKnownFileType = sourcecode.c.h; path = TextFieldEffects.h; sourceTree = "<group>"; };
		1F24A6ED1BF2593B00BC2796 /* TextFieldsEffects.swift */ = {isa = PBXFileReference; fileEncoding = 4; lastKnownFileType = sourcecode.swift; path = TextFieldsEffects.swift; sourceTree = "<group>"; };
		1F24A6EE1BF2593B00BC2796 /* YokoTextField.swift */ = {isa = PBXFileReference; fileEncoding = 4; lastKnownFileType = sourcecode.swift; path = YokoTextField.swift; sourceTree = "<group>"; };
		1F24A6EF1BF2593B00BC2796 /* YoshikoTextField.swift */ = {isa = PBXFileReference; fileEncoding = 4; lastKnownFileType = sourcecode.swift; path = YoshikoTextField.swift; sourceTree = "<group>"; };
		1F24A7151BF271D700BC2796 /* PostLocationViewController.swift */ = {isa = PBXFileReference; fileEncoding = 4; lastKnownFileType = sourcecode.swift; path = PostLocationViewController.swift; sourceTree = "<group>"; };
		1F24A7171BF288C000BC2796 /* Bakersfield Bold.ttf */ = {isa = PBXFileReference; lastKnownFileType = file; path = "Bakersfield Bold.ttf"; sourceTree = "<group>"; };
		1F24A7181BF288C000BC2796 /* Bakersfield Light.ttf */ = {isa = PBXFileReference; lastKnownFileType = file; path = "Bakersfield Light.ttf"; sourceTree = "<group>"; };
		1F24A7191BF288D600BC2796 /* Prime Light.otf */ = {isa = PBXFileReference; lastKnownFileType = file; path = "Prime Light.otf"; sourceTree = "<group>"; };
		1F24A71A1BF288D600BC2796 /* Prime Regular.otf */ = {isa = PBXFileReference; lastKnownFileType = file; path = "Prime Regular.otf"; sourceTree = "<group>"; };
		1F24A71F1BF28A9C00BC2796 /* Modeka.otf */ = {isa = PBXFileReference; lastKnownFileType = file; path = Modeka.otf; sourceTree = "<group>"; };
		1F24A7211BF28BA800BC2796 /* BIG JOHN.otf */ = {isa = PBXFileReference; lastKnownFileType = file; path = "BIG JOHN.otf"; sourceTree = "<group>"; };
		1F24A7251BF2AEFE00BC2796 /* LocationTableViewCell.swift */ = {isa = PBXFileReference; fileEncoding = 4; lastKnownFileType = sourcecode.swift; name = LocationTableViewCell.swift; path = ParseStarterProject/LocationTableViewCell.swift; sourceTree = "<group>"; };
		1F27F81B1BFFB03900839C10 /* Images.xcassets */ = {isa = PBXFileReference; lastKnownFileType = folder.assetcatalog; name = Images.xcassets; path = TextFieldEffects/Images.xcassets; sourceTree = "<group>"; };
		1F346D291BF82ECC00063D48 /* OnTheMapConstants.swift */ = {isa = PBXFileReference; fileEncoding = 4; lastKnownFileType = sourcecode.swift; path = OnTheMapConstants.swift; sourceTree = "<group>"; };
		1F346D2D1BF9584000063D48 /* Launch Screen.storyboard */ = {isa = PBXFileReference; fileEncoding = 4; lastKnownFileType = file.storyboard; path = "Launch Screen.storyboard"; sourceTree = "<group>"; };
		1F346D2F1BFA738E00063D48 /* ChameleonFramework.framework */ = {isa = PBXFileReference; lastKnownFileType = wrapper.framework; name = ChameleonFramework.framework; path = "/Users/myMac/Developer/Udacity Nanodegree/on-the-map/Pods/../build/Debug-iphoneos/ChameleonFramework.framework"; sourceTree = "<absolute>"; };
		1F346D311BFA739800063D48 /* MBProgressHUD.framework */ = {isa = PBXFileReference; lastKnownFileType = wrapper.framework; name = MBProgressHUD.framework; path = "/Users/myMac/Developer/Udacity Nanodegree/on-the-map/Pods/../build/Debug-iphoneos/MBProgressHUD.framework"; sourceTree = "<absolute>"; };
		1F346D331BFA73A200063D48 /* TextFieldEffects.framework */ = {isa = PBXFileReference; lastKnownFileType = wrapper.framework; name = TextFieldEffects.framework; path = "/Users/myMac/Developer/Udacity Nanodegree/on-the-map/Pods/../build/Debug-iphoneos/TextFieldEffects.framework"; sourceTree = "<absolute>"; };
		1F346D351BFA73A800063D48 /* SwiftSpinner.framework */ = {isa = PBXFileReference; lastKnownFileType = wrapper.framework; name = SwiftSpinner.framework; path = "/Users/myMac/Developer/Udacity Nanodegree/on-the-map/Pods/../build/Debug-iphoneos/SwiftSpinner.framework"; sourceTree = "<absolute>"; };
		1F346D381BFA79B500063D48 /* LICENSE.md */ = {isa = PBXFileReference; lastKnownFileType = net.daringfireball.markdown; path = LICENSE.md; sourceTree = "<group>"; };
		1F346D3C1BFA79B500063D48 /* Chameleon.h */ = {isa = PBXFileReference; lastKnownFileType = sourcecode.c.h; path = Chameleon.h; sourceTree = "<group>"; };
		1F346D3D1BFA79B500063D48 /* Chameleon_.h */ = {isa = PBXFileReference; lastKnownFileType = sourcecode.c.h; path = Chameleon_.h; sourceTree = "<group>"; };
		1F346D3E1BFA79B500063D48 /* Chameleon_.m */ = {isa = PBXFileReference; lastKnownFileType = sourcecode.c.objc; path = Chameleon_.m; sourceTree = "<group>"; };
		1F346D3F1BFA79B500063D48 /* ChameleonConstants.h */ = {isa = PBXFileReference; lastKnownFileType = sourcecode.c.h; path = ChameleonConstants.h; sourceTree = "<group>"; };
		1F346D401BFA79B500063D48 /* ChameleonConstants.m */ = {isa = PBXFileReference; lastKnownFileType = sourcecode.c.objc; path = ChameleonConstants.m; sourceTree = "<group>"; };
		1F346D411BFA79B500063D48 /* ChameleonEnums.h */ = {isa = PBXFileReference; lastKnownFileType = sourcecode.c.h; path = ChameleonEnums.h; sourceTree = "<group>"; };
		1F346D421BFA79B500063D48 /* ChameleonMacros.h */ = {isa = PBXFileReference; lastKnownFileType = sourcecode.c.h; path = ChameleonMacros.h; sourceTree = "<group>"; };
		1F346D431BFA79B500063D48 /* NSArray+Chameleon.h */ = {isa = PBXFileReference; lastKnownFileType = sourcecode.c.h; path = "NSArray+Chameleon.h"; sourceTree = "<group>"; };
		1F346D441BFA79B500063D48 /* NSArray+Chameleon.m */ = {isa = PBXFileReference; lastKnownFileType = sourcecode.c.objc; path = "NSArray+Chameleon.m"; sourceTree = "<group>"; };
		1F346D451BFA79B500063D48 /* UIButton+Chameleon.h */ = {isa = PBXFileReference; lastKnownFileType = sourcecode.c.h; path = "UIButton+Chameleon.h"; sourceTree = "<group>"; };
		1F346D461BFA79B500063D48 /* UIButton+Chameleon.m */ = {isa = PBXFileReference; lastKnownFileType = sourcecode.c.objc; path = "UIButton+Chameleon.m"; sourceTree = "<group>"; };
		1F346D471BFA79B500063D48 /* UIColor+Chameleon.h */ = {isa = PBXFileReference; lastKnownFileType = sourcecode.c.h; path = "UIColor+Chameleon.h"; sourceTree = "<group>"; };
		1F346D481BFA79B500063D48 /* UIColor+Chameleon.m */ = {isa = PBXFileReference; lastKnownFileType = sourcecode.c.objc; path = "UIColor+Chameleon.m"; sourceTree = "<group>"; };
		1F346D491BFA79B500063D48 /* UIColor+ChameleonPrivate.h */ = {isa = PBXFileReference; lastKnownFileType = sourcecode.c.h; path = "UIColor+ChameleonPrivate.h"; sourceTree = "<group>"; };
		1F346D4A1BFA79B500063D48 /* UIColor+ChameleonPrivate.m */ = {isa = PBXFileReference; lastKnownFileType = sourcecode.c.objc; path = "UIColor+ChameleonPrivate.m"; sourceTree = "<group>"; };
		1F346D4B1BFA79B500063D48 /* UIImage+ChameleonPrivate.h */ = {isa = PBXFileReference; lastKnownFileType = sourcecode.c.h; path = "UIImage+ChameleonPrivate.h"; sourceTree = "<group>"; };
		1F346D4C1BFA79B500063D48 /* UIImage+ChameleonPrivate.m */ = {isa = PBXFileReference; lastKnownFileType = sourcecode.c.objc; path = "UIImage+ChameleonPrivate.m"; sourceTree = "<group>"; };
		1F346D4D1BFA79B500063D48 /* UILabel+Chameleon.h */ = {isa = PBXFileReference; lastKnownFileType = sourcecode.c.h; path = "UILabel+Chameleon.h"; sourceTree = "<group>"; };
		1F346D4E1BFA79B500063D48 /* UILabel+Chameleon.m */ = {isa = PBXFileReference; lastKnownFileType = sourcecode.c.objc; path = "UILabel+Chameleon.m"; sourceTree = "<group>"; };
		1F346D4F1BFA79B500063D48 /* UINavigationController+Chameleon.h */ = {isa = PBXFileReference; lastKnownFileType = sourcecode.c.h; path = "UINavigationController+Chameleon.h"; sourceTree = "<group>"; };
		1F346D501BFA79B500063D48 /* UINavigationController+Chameleon.m */ = {isa = PBXFileReference; lastKnownFileType = sourcecode.c.objc; path = "UINavigationController+Chameleon.m"; sourceTree = "<group>"; };
		1F346D511BFA79B500063D48 /* UIView+ChameleonPrivate.h */ = {isa = PBXFileReference; lastKnownFileType = sourcecode.c.h; path = "UIView+ChameleonPrivate.h"; sourceTree = "<group>"; };
		1F346D521BFA79B500063D48 /* UIView+ChameleonPrivate.m */ = {isa = PBXFileReference; lastKnownFileType = sourcecode.c.objc; path = "UIView+ChameleonPrivate.m"; sourceTree = "<group>"; };
		1F346D531BFA79B500063D48 /* UIViewController+Chameleon.h */ = {isa = PBXFileReference; lastKnownFileType = sourcecode.c.h; path = "UIViewController+Chameleon.h"; sourceTree = "<group>"; };
		1F346D541BFA79B500063D48 /* UIViewController+Chameleon.m */ = {isa = PBXFileReference; lastKnownFileType = sourcecode.c.objc; path = "UIViewController+Chameleon.m"; sourceTree = "<group>"; };
		1F346D561BFA79B500063D48 /* ChameleonShorthand.swift */ = {isa = PBXFileReference; lastKnownFileType = sourcecode.swift; path = ChameleonShorthand.swift; sourceTree = "<group>"; };
		1F346D571BFA79B500063D48 /* README.md */ = {isa = PBXFileReference; lastKnownFileType = net.daringfireball.markdown; path = README.md; sourceTree = "<group>"; };
		1F787CF61BEF8E1E00BC80F6 /* On-The-Map-Bridging-Header.h */ = {isa = PBXFileReference; lastKnownFileType = sourcecode.c.h; path = "On-The-Map-Bridging-Header.h"; sourceTree = "<group>"; };
		1F787CF91BEF969900BC80F6 /* Roboto-Medium.ttf */ = {isa = PBXFileReference; lastKnownFileType = file; path = "Roboto-Medium.ttf"; sourceTree = "<group>"; };
		1F787CFA1BEF969900BC80F6 /* Roboto-Regular.ttf */ = {isa = PBXFileReference; lastKnownFileType = file; path = "Roboto-Regular.ttf"; sourceTree = "<group>"; };
		1F787CFB1BEF969900BC80F6 /* Roboto-Thin.ttf */ = {isa = PBXFileReference; lastKnownFileType = file; path = "Roboto-Thin.ttf"; sourceTree = "<group>"; };
		1F787D001BEFAEE000BC80F6 /* LoginViewController.swift */ = {isa = PBXFileReference; fileEncoding = 4; lastKnownFileType = sourcecode.swift; path = LoginViewController.swift; sourceTree = "<group>"; };
		1F787D021BEFAF1000BC80F6 /* MapViewController.swift */ = {isa = PBXFileReference; fileEncoding = 4; lastKnownFileType = sourcecode.swift; path = MapViewController.swift; sourceTree = "<group>"; };
		1F787D041BEFAF4C00BC80F6 /* ListTableViewController.swift */ = {isa = PBXFileReference; fileEncoding = 4; lastKnownFileType = sourcecode.swift; path = ListTableViewController.swift; sourceTree = "<group>"; };
		1F787D061BEFB02900BC80F6 /* UdaciousClient.swift */ = {isa = PBXFileReference; fileEncoding = 4; lastKnownFileType = sourcecode.swift; path = UdaciousClient.swift; sourceTree = "<group>"; };
		1F787D081BEFB03600BC80F6 /* UdaciousConstants.swift */ = {isa = PBXFileReference; fileEncoding = 4; lastKnownFileType = sourcecode.swift; path = UdaciousConstants.swift; sourceTree = "<group>"; };
		1F787D0A1BEFB04200BC80F6 /* UdaciousConvenience.swift */ = {isa = PBXFileReference; fileEncoding = 4; lastKnownFileType = sourcecode.swift; path = UdaciousConvenience.swift; sourceTree = "<group>"; };
		1F787D111BEFF68900BC80F6 /* FBSDKCoreKit.framework */ = {isa = PBXFileReference; lastKnownFileType = wrapper.framework; name = FBSDKCoreKit.framework; path = ParseStarterProject/FBSDKCoreKit.framework; sourceTree = "<group>"; };
		1F787D121BEFF68900BC80F6 /* FBSDKLoginKit.framework */ = {isa = PBXFileReference; lastKnownFileType = wrapper.framework; name = FBSDKLoginKit.framework; path = ParseStarterProject/FBSDKLoginKit.framework; sourceTree = "<group>"; };
		1F787D131BEFF68900BC80F6 /* FBSDKShareKit.framework */ = {isa = PBXFileReference; lastKnownFileType = wrapper.framework; name = FBSDKShareKit.framework; path = ParseStarterProject/FBSDKShareKit.framework; sourceTree = "<group>"; };
		1F787D171BF0194E00BC80F6 /* OnePasswordExtension.h */ = {isa = PBXFileReference; fileEncoding = 4; lastKnownFileType = sourcecode.c.h; path = OnePasswordExtension.h; sourceTree = "<group>"; };
		1F787D181BF0194E00BC80F6 /* OnePasswordExtension.m */ = {isa = PBXFileReference; fileEncoding = 4; lastKnownFileType = sourcecode.c.objc; path = OnePasswordExtension.m; sourceTree = "<group>"; };
		1F787D1A1BF01A2400BC80F6 /* 1Password.xcassets */ = {isa = PBXFileReference; lastKnownFileType = folder.assetcatalog; name = 1Password.xcassets; path = ../1Password.xcassets; sourceTree = "<group>"; };
		1F787D1C1BF054F700BC80F6 /* ExtendsUIViewController.swift */ = {isa = PBXFileReference; fileEncoding = 4; lastKnownFileType = sourcecode.swift; name = ExtendsUIViewController.swift; path = ../ExtendsUIViewController.swift; sourceTree = "<group>"; };
		1F787D1F1BF0562800BC80F6 /* ParseClient.swift */ = {isa = PBXFileReference; fileEncoding = 4; lastKnownFileType = sourcecode.swift; path = ParseClient.swift; sourceTree = "<group>"; };
		1F787D211BF0563300BC80F6 /* ParseConvenience.swift */ = {isa = PBXFileReference; fileEncoding = 4; lastKnownFileType = sourcecode.swift; path = ParseConvenience.swift; sourceTree = "<group>"; };
		1F787D231BF0564300BC80F6 /* ParseConstants.swift */ = {isa = PBXFileReference; fileEncoding = 4; lastKnownFileType = sourcecode.swift; path = ParseConstants.swift; sourceTree = "<group>"; };
		1F787D261BF0598800BC80F6 /* StudentLocationData.swift */ = {isa = PBXFileReference; fileEncoding = 4; lastKnownFileType = sourcecode.swift; path = StudentLocationData.swift; sourceTree = "<group>"; };
		1F787D691BF1299500BC80F6 /* MapKit.framework */ = {isa = PBXFileReference; lastKnownFileType = wrapper.framework; name = MapKit.framework; path = System/Library/Frameworks/MapKit.framework; sourceTree = SDKROOT; };
		495889A71B8DDB6C375A9A59 /* Pods.framework */ = {isa = PBXFileReference; explicitFileType = wrapper.framework; includeInIndex = 0; path = Pods.framework; sourceTree = BUILT_PRODUCTS_DIR; };
		814C3AC71B69877600E307BB /* Base */ = {isa = PBXFileReference; lastKnownFileType = file.storyboard; name = Base; path = Base.lproj/Main.storyboard; sourceTree = "<group>"; };
		814C3AC91B69877600E307BB /* Info.plist */ = {isa = PBXFileReference; fileEncoding = 4; lastKnownFileType = text.plist.xml; path = Info.plist; sourceTree = "<group>"; };
		81BA81451A49DA1800E65899 /* On The Map.app */ = {isa = PBXFileReference; explicitFileType = wrapper.application; includeInIndex = 0; path = "On The Map.app"; sourceTree = BUILT_PRODUCTS_DIR; };
		81BA814A1A49DA1800E65899 /* AppDelegate.swift */ = {isa = PBXFileReference; lastKnownFileType = sourcecode.swift; path = AppDelegate.swift; sourceTree = "<group>"; };
		81BA816B1A49DB6800E65899 /* Bolts.framework */ = {isa = PBXFileReference; lastKnownFileType = wrapper.framework; path = Bolts.framework; sourceTree = "<group>"; };
		81BA816C1A49DB6800E65899 /* Parse.framework */ = {isa = PBXFileReference; lastKnownFileType = wrapper.framework; path = Parse.framework; sourceTree = "<group>"; };
		81BA816D1A49DB6800E65899 /* ParseCrashReporting.framework */ = {isa = PBXFileReference; lastKnownFileType = wrapper.framework; path = ParseCrashReporting.framework; sourceTree = "<group>"; };
		81BA816E1A49DB6800E65899 /* ParseFacebookUtils.framework */ = {isa = PBXFileReference; lastKnownFileType = wrapper.framework; path = ParseFacebookUtils.framework; sourceTree = "<group>"; };
		81BA81761A49E0D500E65899 /* libsqlite3.dylib */ = {isa = PBXFileReference; lastKnownFileType = "compiled.mach-o.dylib"; name = libsqlite3.dylib; path = usr/lib/libsqlite3.dylib; sourceTree = SDKROOT; };
		81BA81781A49E0DB00E65899 /* AudioToolbox.framework */ = {isa = PBXFileReference; lastKnownFileType = wrapper.framework; name = AudioToolbox.framework; path = System/Library/Frameworks/AudioToolbox.framework; sourceTree = SDKROOT; };
		81BA817A1A49E0E500E65899 /* SystemConfiguration.framework */ = {isa = PBXFileReference; lastKnownFileType = wrapper.framework; name = SystemConfiguration.framework; path = System/Library/Frameworks/SystemConfiguration.framework; sourceTree = SDKROOT; };
		81BA817E1A49E0F000E65899 /* libstdc++.6.dylib */ = {isa = PBXFileReference; lastKnownFileType = "compiled.mach-o.dylib"; name = "libstdc++.6.dylib"; path = "usr/lib/libstdc++.6.dylib"; sourceTree = SDKROOT; };
		81BA81801A49E10C00E65899 /* ParseUI.framework */ = {isa = PBXFileReference; lastKnownFileType = wrapper.framework; path = ParseUI.framework; sourceTree = "<group>"; };
		941BB4D9C39BB5E46083781E /* Pods.debug.xcconfig */ = {isa = PBXFileReference; includeInIndex = 1; lastKnownFileType = text.xcconfig; name = Pods.debug.xcconfig; path = "../Pods/Target Support Files/Pods/Pods.debug.xcconfig"; sourceTree = "<group>"; };
		BCDCEE359DD33029D01A6414 /* Pods.release.xcconfig */ = {isa = PBXFileReference; includeInIndex = 1; lastKnownFileType = text.xcconfig; name = Pods.release.xcconfig; path = "../Pods/Target Support Files/Pods/Pods.release.xcconfig"; sourceTree = "<group>"; };
/* End PBXFileReference section */

/* Begin PBXFrameworksBuildPhase section */
		81BA81421A49DA1800E65899 /* Frameworks */ = {
			isa = PBXFrameworksBuildPhase;
			buildActionMask = 2147483647;
			files = (
				1F346D361BFA73A800063D48 /* SwiftSpinner.framework in Frameworks */,
				1F346D341BFA73A200063D48 /* TextFieldEffects.framework in Frameworks */,
				1F346D321BFA739800063D48 /* MBProgressHUD.framework in Frameworks */,
				1F346D301BFA738E00063D48 /* ChameleonFramework.framework in Frameworks */,
				1F787D6A1BF1299500BC80F6 /* MapKit.framework in Frameworks */,
				81BA817F1A49E0F000E65899 /* libstdc++.6.dylib in Frameworks */,
				81BA817B1A49E0E500E65899 /* SystemConfiguration.framework in Frameworks */,
				81BA81791A49E0DB00E65899 /* AudioToolbox.framework in Frameworks */,
				81BA81771A49E0D500E65899 /* libsqlite3.dylib in Frameworks */,
				1F787D141BEFF68900BC80F6 /* FBSDKCoreKit.framework in Frameworks */,
				1F787D161BEFF68900BC80F6 /* FBSDKShareKit.framework in Frameworks */,
				81BA81711A49DB6800E65899 /* Parse.framework in Frameworks */,
				1F787D151BEFF68900BC80F6 /* FBSDKLoginKit.framework in Frameworks */,
				81BA81701A49DB6800E65899 /* Bolts.framework in Frameworks */,
				1087EB0B1E546376A747168B /* Pods.framework in Frameworks */,
			);
			runOnlyForDeploymentPostprocessing = 0;
		};
/* End PBXFrameworksBuildPhase section */

/* Begin PBXGroup section */
		1F24A6E21BF2593B00BC2796 /* TextFieldEffects */ = {
			isa = PBXGroup;
			children = (
				1F24A6E31BF2593B00BC2796 /* TextFieldEffects */,
			);
			path = TextFieldEffects;
			sourceTree = "<group>";
		};
		1F24A6E31BF2593B00BC2796 /* TextFieldEffects */ = {
			isa = PBXGroup;
			children = (
				1F24A6E41BF2593B00BC2796 /* AkiraTextField.swift */,
				1F24A6E51BF2593B00BC2796 /* HoshiTextField.swift */,
				1F24A6E61BF2593B00BC2796 /* Info.plist */,
				1F24A6E71BF2593B00BC2796 /* IsaoTextField.swift */,
				1F24A6E81BF2593B00BC2796 /* JiroTextField.swift */,
				1F24A6E91BF2593B00BC2796 /* KaedeTextField.swift */,
				1F24A6EA1BF2593B00BC2796 /* MadokaTextField.swift */,
				1F24A6EB1BF2593B00BC2796 /* MinoruTextField.swift */,
				1F24A6EC1BF2593B00BC2796 /* TextFieldEffects.h */,
				1F24A6ED1BF2593B00BC2796 /* TextFieldsEffects.swift */,
				1F24A6EE1BF2593B00BC2796 /* YokoTextField.swift */,
				1F24A6EF1BF2593B00BC2796 /* YoshikoTextField.swift */,
			);
			path = TextFieldEffects;
			sourceTree = "<group>";
		};
		1F346D371BFA79B500063D48 /* ChameleonFramework */ = {
			isa = PBXGroup;
			children = (
				1F346D381BFA79B500063D48 /* LICENSE.md */,
				1F346D391BFA79B500063D48 /* Pod */,
				1F346D571BFA79B500063D48 /* README.md */,
			);
			name = ChameleonFramework;
			path = ../Pods/ChameleonFramework;
			sourceTree = "<group>";
		};
		1F346D391BFA79B500063D48 /* Pod */ = {
			isa = PBXGroup;
			children = (
				1F346D3A1BFA79B500063D48 /* Classes */,
			);
			path = Pod;
			sourceTree = "<group>";
		};
		1F346D3A1BFA79B500063D48 /* Classes */ = {
			isa = PBXGroup;
			children = (
				1F346D3B1BFA79B500063D48 /* Objective-C */,
				1F346D551BFA79B500063D48 /* Swift */,
			);
			path = Classes;
			sourceTree = "<group>";
		};
		1F346D3B1BFA79B500063D48 /* Objective-C */ = {
			isa = PBXGroup;
			children = (
				1F346D3C1BFA79B500063D48 /* Chameleon.h */,
				1F346D3D1BFA79B500063D48 /* Chameleon_.h */,
				1F346D3E1BFA79B500063D48 /* Chameleon_.m */,
				1F346D3F1BFA79B500063D48 /* ChameleonConstants.h */,
				1F346D401BFA79B500063D48 /* ChameleonConstants.m */,
				1F346D411BFA79B500063D48 /* ChameleonEnums.h */,
				1F346D421BFA79B500063D48 /* ChameleonMacros.h */,
				1F346D431BFA79B500063D48 /* NSArray+Chameleon.h */,
				1F346D441BFA79B500063D48 /* NSArray+Chameleon.m */,
				1F346D451BFA79B500063D48 /* UIButton+Chameleon.h */,
				1F346D461BFA79B500063D48 /* UIButton+Chameleon.m */,
				1F346D471BFA79B500063D48 /* UIColor+Chameleon.h */,
				1F346D481BFA79B500063D48 /* UIColor+Chameleon.m */,
				1F346D491BFA79B500063D48 /* UIColor+ChameleonPrivate.h */,
				1F346D4A1BFA79B500063D48 /* UIColor+ChameleonPrivate.m */,
				1F346D4B1BFA79B500063D48 /* UIImage+ChameleonPrivate.h */,
				1F346D4C1BFA79B500063D48 /* UIImage+ChameleonPrivate.m */,
				1F346D4D1BFA79B500063D48 /* UILabel+Chameleon.h */,
				1F346D4E1BFA79B500063D48 /* UILabel+Chameleon.m */,
				1F346D4F1BFA79B500063D48 /* UINavigationController+Chameleon.h */,
				1F346D501BFA79B500063D48 /* UINavigationController+Chameleon.m */,
				1F346D511BFA79B500063D48 /* UIView+ChameleonPrivate.h */,
				1F346D521BFA79B500063D48 /* UIView+ChameleonPrivate.m */,
				1F346D531BFA79B500063D48 /* UIViewController+Chameleon.h */,
				1F346D541BFA79B500063D48 /* UIViewController+Chameleon.m */,
			);
			path = "Objective-C";
			sourceTree = "<group>";
		};
		1F346D551BFA79B500063D48 /* Swift */ = {
			isa = PBXGroup;
			children = (
				1F346D561BFA79B500063D48 /* ChameleonShorthand.swift */,
			);
			path = Swift;
			sourceTree = "<group>";
		};
		1F787CFF1BEF96A200BC80F6 /* Fonts */ = {
			isa = PBXGroup;
			children = (
				1F24A7171BF288C000BC2796 /* Bakersfield Bold.ttf */,
				1F24A7181BF288C000BC2796 /* Bakersfield Light.ttf */,
				1F24A71F1BF28A9C00BC2796 /* Modeka.otf */,
				1F24A7211BF28BA800BC2796 /* BIG JOHN.otf */,
				1F787CF91BEF969900BC80F6 /* Roboto-Medium.ttf */,
				1F787CFA1BEF969900BC80F6 /* Roboto-Regular.ttf */,
				1F787CFB1BEF969900BC80F6 /* Roboto-Thin.ttf */,
				1F24A7191BF288D600BC2796 /* Prime Light.otf */,
				1F24A71A1BF288D600BC2796 /* Prime Regular.otf */,
			);
			name = Fonts;
			sourceTree = "<group>";
		};
		1F787D0C1BEFB04900BC80F6 /* Udacious Client */ = {
			isa = PBXGroup;
			children = (
				1F787D061BEFB02900BC80F6 /* UdaciousClient.swift */,
				1F787D081BEFB03600BC80F6 /* UdaciousConstants.swift */,
				1F787D0A1BEFB04200BC80F6 /* UdaciousConvenience.swift */,
			);
			name = "Udacious Client";
			sourceTree = "<group>";
		};
		1F787D0D1BEFB05500BC80F6 /* Model */ = {
			isa = PBXGroup;
			children = (
				1F787D0C1BEFB04900BC80F6 /* Udacious Client */,
				1F787D251BF0564E00BC80F6 /* Parse Client */,
			);
			name = Model;
			sourceTree = "<group>";
		};
		1F787D0E1BEFB06F00BC80F6 /* Controller */ = {
			isa = PBXGroup;
			children = (
				1F787D001BEFAEE000BC80F6 /* LoginViewController.swift */,
				1F787D1C1BF054F700BC80F6 /* ExtendsUIViewController.swift */,
				1F787D021BEFAF1000BC80F6 /* MapViewController.swift */,
				1F24A7151BF271D700BC2796 /* PostLocationViewController.swift */,
				1F787D041BEFAF4C00BC80F6 /* ListTableViewController.swift */,
			);
			name = Controller;
			sourceTree = "<group>";
		};
		1F787D1E1BF0550000BC80F6 /* View */ = {
			isa = PBXGroup;
			children = (
				1F24A7251BF2AEFE00BC2796 /* LocationTableViewCell.swift */,
			);
			name = View;
			path = ..;
			sourceTree = "<group>";
		};
		1F787D251BF0564E00BC80F6 /* Parse Client */ = {
			isa = PBXGroup;
			children = (
				1F787D1F1BF0562800BC80F6 /* ParseClient.swift */,
				1F787D211BF0563300BC80F6 /* ParseConvenience.swift */,
				1F787D231BF0564300BC80F6 /* ParseConstants.swift */,
				1F787D261BF0598800BC80F6 /* StudentLocationData.swift */,
			);
			name = "Parse Client";
			path = ..;
			sourceTree = "<group>";
		};
		564829662DEEA92CAACABDEB /* Pods */ = {
			isa = PBXGroup;
			children = (
				941BB4D9C39BB5E46083781E /* Pods.debug.xcconfig */,
				BCDCEE359DD33029D01A6414 /* Pods.release.xcconfig */,
			);
			name = Pods;
			sourceTree = "<group>";
		};
		814C3AC51B69877600E307BB /* Resources */ = {
			isa = PBXGroup;
			children = (
				1F27F81B1BFFB03900839C10 /* Images.xcassets */,
				1F24A6E21BF2593B00BC2796 /* TextFieldEffects */,
				1F787D171BF0194E00BC80F6 /* OnePasswordExtension.h */,
				1F787D181BF0194E00BC80F6 /* OnePasswordExtension.m */,
				814C3AC91B69877600E307BB /* Info.plist */,
				1F787D1A1BF01A2400BC80F6 /* 1Password.xcassets */,
			);
			path = Resources;
			sourceTree = "<group>";
		};
		81BA813C1A49DA1800E65899 = {
			isa = PBXGroup;
			children = (
				81BA81471A49DA1800E65899 /* On-The-Map */,
				814C3AC51B69877600E307BB /* Resources */,
				81BA816A1A49DB5600E65899 /* Frameworks */,
				81BA81461A49DA1800E65899 /* Products */,
				1F787CF61BEF8E1E00BC80F6 /* On-The-Map-Bridging-Header.h */,
				1F787CFF1BEF96A200BC80F6 /* Fonts */,
				564829662DEEA92CAACABDEB /* Pods */,
			);
			sourceTree = "<group>";
		};
		81BA81461A49DA1800E65899 /* Products */ = {
			isa = PBXGroup;
			children = (
				81BA81451A49DA1800E65899 /* On The Map.app */,
			);
			name = Products;
			sourceTree = "<group>";
		};
		81BA81471A49DA1800E65899 /* On-The-Map */ = {
			isa = PBXGroup;
			children = (
				81BA814A1A49DA1800E65899 /* AppDelegate.swift */,
				814C3AC61B69877600E307BB /* Main.storyboard */,
				1F346D2D1BF9584000063D48 /* Launch Screen.storyboard */,
				1F346D291BF82ECC00063D48 /* OnTheMapConstants.swift */,
				1F787D0D1BEFB05500BC80F6 /* Model */,
				1F787D1E1BF0550000BC80F6 /* View */,
				1F787D0E1BEFB06F00BC80F6 /* Controller */,
			);
			name = "On-The-Map";
			path = ParseStarterProject;
			sourceTree = "<group>";
		};
		81BA816A1A49DB5600E65899 /* Frameworks */ = {
			isa = PBXGroup;
			children = (
				1F346D371BFA79B500063D48 /* ChameleonFramework */,
				1F346D351BFA73A800063D48 /* SwiftSpinner.framework */,
				1F346D331BFA73A200063D48 /* TextFieldEffects.framework */,
				1F346D311BFA739800063D48 /* MBProgressHUD.framework */,
				1F346D2F1BFA738E00063D48 /* ChameleonFramework.framework */,
				1F787D691BF1299500BC80F6 /* MapKit.framework */,
				1F787D111BEFF68900BC80F6 /* FBSDKCoreKit.framework */,
				1F787D121BEFF68900BC80F6 /* FBSDKLoginKit.framework */,
				1F787D131BEFF68900BC80F6 /* FBSDKShareKit.framework */,
				81BA816B1A49DB6800E65899 /* Bolts.framework */,
				81BA816C1A49DB6800E65899 /* Parse.framework */,
				81BA816D1A49DB6800E65899 /* ParseCrashReporting.framework */,
				81BA816E1A49DB6800E65899 /* ParseFacebookUtils.framework */,
				81BA81801A49E10C00E65899 /* ParseUI.framework */,
				81BA81751A49E0C500E65899 /* System Frameworks */,
				495889A71B8DDB6C375A9A59 /* Pods.framework */,
			);
			name = Frameworks;
			sourceTree = "<group>";
		};
		81BA81751A49E0C500E65899 /* System Frameworks */ = {
			isa = PBXGroup;
			children = (
				81BA817E1A49E0F000E65899 /* libstdc++.6.dylib */,
				81BA817A1A49E0E500E65899 /* SystemConfiguration.framework */,
				81BA81781A49E0DB00E65899 /* AudioToolbox.framework */,
				81BA81761A49E0D500E65899 /* libsqlite3.dylib */,
			);
			name = "System Frameworks";
			sourceTree = "<group>";
		};
/* End PBXGroup section */

/* Begin PBXNativeTarget section */
		81BA81441A49DA1800E65899 /* On The Map */ = {
			isa = PBXNativeTarget;
			buildConfigurationList = 81BA81641A49DA1800E65899 /* Build configuration list for PBXNativeTarget "On The Map" */;
			buildPhases = (
				ED0507100BAF689F6497628C /* Check Pods Manifest.lock */,
				81BA81411A49DA1800E65899 /* Sources */,
				81BA81421A49DA1800E65899 /* Frameworks */,
				81BA81431A49DA1800E65899 /* Resources */,
				81CC85E11A49F6D40076DE19 /* Upload Symbol Files */,
				2501531FBB988E2FD9A5CEAB /* Embed Pods Frameworks */,
				E989108A608FDD44D975C9E0 /* Copy Pods Resources */,
			);
			buildRules = (
			);
			dependencies = (
			);
			name = "On The Map";
			productName = ParseStarterProject;
			productReference = 81BA81451A49DA1800E65899 /* On The Map.app */;
			productType = "com.apple.product-type.application";
		};
/* End PBXNativeTarget section */

/* Begin PBXProject section */
		81BA813D1A49DA1800E65899 /* Project object */ = {
			isa = PBXProject;
			attributes = {
				LastSwiftUpdateCheck = 0710;
				LastUpgradeCheck = 0710;
				ORGANIZATIONNAME = "Tech Rapport";
				TargetAttributes = {
					81BA81441A49DA1800E65899 = {
						CreatedOnToolsVersion = 6.1.1;
						DevelopmentTeam = J9WHKA9AQZ;
						SystemCapabilities = {
							com.apple.Push = {
								enabled = 1;
							};
						};
					};
				};
			};
			buildConfigurationList = 81BA81401A49DA1800E65899 /* Build configuration list for PBXProject "On The Map" */;
			compatibilityVersion = "Xcode 3.2";
			developmentRegion = English;
			hasScannedForEncodings = 0;
			knownRegions = (
				en,
				Base,
			);
			mainGroup = 81BA813C1A49DA1800E65899;
			productRefGroup = 81BA81461A49DA1800E65899 /* Products */;
			projectDirPath = "";
			projectRoot = "";
			targets = (
				81BA81441A49DA1800E65899 /* On The Map */,
			);
		};
/* End PBXProject section */

/* Begin PBXResourcesBuildPhase section */
		81BA81431A49DA1800E65899 /* Resources */ = {
			isa = PBXResourcesBuildPhase;
			buildActionMask = 2147483647;
			files = (
				814C3ACA1B69877600E307BB /* Main.storyboard in Resources */,
				1F24A71D1BF2893C00BC2796 /* Prime Light.otf in Resources */,
				1F24A7221BF28BA800BC2796 /* BIG JOHN.otf in Resources */,
				1F787D1B1BF01A2400BC80F6 /* 1Password.xcassets in Resources */,
				1F24A71E1BF2894200BC2796 /* Prime Regular.otf in Resources */,
				1F346D2E1BF9584000063D48 /* Launch Screen.storyboard in Resources */,
				1F787CFD1BEF969900BC80F6 /* Roboto-Regular.ttf in Resources */,
				1F24A7201BF28A9F00BC2796 /* Modeka.otf in Resources */,
				1F24A71C1BF2893600BC2796 /* Bakersfield Light.ttf in Resources */,
				1F27F81C1BFFB03900839C10 /* Images.xcassets in Resources */,
				1F787CFE1BEF969900BC80F6 /* Roboto-Thin.ttf in Resources */,
				1F24A71B1BF2893300BC2796 /* Bakersfield Bold.ttf in Resources */,
				1F787CFC1BEF969900BC80F6 /* Roboto-Medium.ttf in Resources */,
				1F24A6FE1BF2593B00BC2796 /* Info.plist in Resources */,
			);
			runOnlyForDeploymentPostprocessing = 0;
		};
/* End PBXResourcesBuildPhase section */

/* Begin PBXShellScriptBuildPhase section */
		2501531FBB988E2FD9A5CEAB /* Embed Pods Frameworks */ = {
			isa = PBXShellScriptBuildPhase;
			buildActionMask = 2147483647;
			files = (
			);
			inputPaths = (
			);
			name = "Embed Pods Frameworks";
			outputPaths = (
			);
			runOnlyForDeploymentPostprocessing = 0;
			shellPath = /bin/sh;
			shellScript = "\"${SRCROOT}/../Pods/Target Support Files/Pods/Pods-frameworks.sh\"\n";
			showEnvVarsInLog = 0;
		};
		81CC85E11A49F6D40076DE19 /* Upload Symbol Files */ = {
			isa = PBXShellScriptBuildPhase;
			buildActionMask = 2147483647;
			files = (
			);
			inputPaths = (
			);
			name = "Upload Symbol Files";
			outputPaths = (
			);
			runOnlyForDeploymentPostprocessing = 0;
			shellPath = /bin/sh;
			shellScript = "# This script will upload symbol files for your application,\n# so all your crash reports are going to be symbolicated\n\n# Important!\n# Before using the script, please initialize CloudCode folder and replace <path_to_cloudcode_folder> with the path to it\n#\n# Read more on Parse.com - https://parse.com/apps/quickstart#analytics/crashreporting/ios/\n############################################################\n\n\n# export PATH=/usr/local/bin:$PATH\n# cd <path_to_cloudcode_folder>\n\n# parse symbols -p \"${DWARF_DSYM_FOLDER_PATH}/${DWARF_DSYM_FILE_NAME}\"\n";
		};
		E989108A608FDD44D975C9E0 /* Copy Pods Resources */ = {
			isa = PBXShellScriptBuildPhase;
			buildActionMask = 2147483647;
			files = (
			);
			inputPaths = (
			);
			name = "Copy Pods Resources";
			outputPaths = (
			);
			runOnlyForDeploymentPostprocessing = 0;
			shellPath = /bin/sh;
			shellScript = "\"${SRCROOT}/../Pods/Target Support Files/Pods/Pods-resources.sh\"\n";
			showEnvVarsInLog = 0;
		};
		ED0507100BAF689F6497628C /* Check Pods Manifest.lock */ = {
			isa = PBXShellScriptBuildPhase;
			buildActionMask = 2147483647;
			files = (
			);
			inputPaths = (
			);
			name = "Check Pods Manifest.lock";
			outputPaths = (
			);
			runOnlyForDeploymentPostprocessing = 0;
			shellPath = /bin/sh;
			shellScript = "diff \"${PODS_ROOT}/../Podfile.lock\" \"${PODS_ROOT}/Manifest.lock\" > /dev/null\nif [[ $? != 0 ]] ; then\n    cat << EOM\nerror: The sandbox is not in sync with the Podfile.lock. Run 'pod install' or update your CocoaPods installation.\nEOM\n    exit 1\nfi\n";
			showEnvVarsInLog = 0;
		};
/* End PBXShellScriptBuildPhase section */

/* Begin PBXSourcesBuildPhase section */
		81BA81411A49DA1800E65899 /* Sources */ = {
			isa = PBXSourcesBuildPhase;
			buildActionMask = 2147483647;
			files = (
				1F787D011BEFAEE000BC80F6 /* LoginViewController.swift in Sources */,
				1F24A7031BF2593B00BC2796 /* MinoruTextField.swift in Sources */,
				1F787D091BEFB03600BC80F6 /* UdaciousConstants.swift in Sources */,
				1F787D1D1BF054F700BC80F6 /* ExtendsUIViewController.swift in Sources */,
				1F787D0B1BEFB04200BC80F6 /* UdaciousConvenience.swift in Sources */,
				1F787D071BEFB02900BC80F6 /* UdaciousClient.swift in Sources */,
				1F787D201BF0562800BC80F6 /* ParseClient.swift in Sources */,
				1F24A7021BF2593B00BC2796 /* MadokaTextField.swift in Sources */,
				81BA814B1A49DA1800E65899 /* AppDelegate.swift in Sources */,
				1F24A7011BF2593B00BC2796 /* KaedeTextField.swift in Sources */,
				1F24A6FD1BF2593B00BC2796 /* HoshiTextField.swift in Sources */,
				1F787D271BF0598800BC80F6 /* StudentLocationData.swift in Sources */,
				1F24A7001BF2593B00BC2796 /* JiroTextField.swift in Sources */,
				1F24A6FC1BF2593B00BC2796 /* AkiraTextField.swift in Sources */,
				1F24A7161BF271D700BC2796 /* PostLocationViewController.swift in Sources */,
				1F24A7061BF2593B00BC2796 /* YoshikoTextField.swift in Sources */,
				1F787D221BF0563300BC80F6 /* ParseConvenience.swift in Sources */,
				1F24A6FF1BF2593B00BC2796 /* IsaoTextField.swift in Sources */,
				1F787D191BF0194E00BC80F6 /* OnePasswordExtension.m in Sources */,
				1F346D2A1BF82ECC00063D48 /* OnTheMapConstants.swift in Sources */,
				1F24A7261BF2AEFE00BC2796 /* LocationTableViewCell.swift in Sources */,
				1F787D031BEFAF1000BC80F6 /* MapViewController.swift in Sources */,
				1F24A7051BF2593B00BC2796 /* YokoTextField.swift in Sources */,
				1F787D051BEFAF4C00BC80F6 /* ListTableViewController.swift in Sources */,
				1F24A7041BF2593B00BC2796 /* TextFieldsEffects.swift in Sources */,
				1F787D241BF0564300BC80F6 /* ParseConstants.swift in Sources */,
			);
			runOnlyForDeploymentPostprocessing = 0;
		};
/* End PBXSourcesBuildPhase section */

/* Begin PBXVariantGroup section */
		814C3AC61B69877600E307BB /* Main.storyboard */ = {
			isa = PBXVariantGroup;
			children = (
				814C3AC71B69877600E307BB /* Base */,
			);
			name = Main.storyboard;
			path = ../Resources;
			sourceTree = "<group>";
		};
/* End PBXVariantGroup section */

/* Begin XCBuildConfiguration section */
		81BA81621A49DA1800E65899 /* Debug */ = {
			isa = XCBuildConfiguration;
			buildSettings = {
				ALWAYS_SEARCH_USER_PATHS = NO;
				CLANG_CXX_LANGUAGE_STANDARD = "gnu++0x";
				CLANG_CXX_LIBRARY = "libc++";
				CLANG_ENABLE_MODULES = YES;
				CLANG_ENABLE_OBJC_ARC = YES;
				CLANG_WARN_BOOL_CONVERSION = YES;
				CLANG_WARN_CONSTANT_CONVERSION = YES;
				CLANG_WARN_DIRECT_OBJC_ISA_USAGE = YES_ERROR;
				CLANG_WARN_EMPTY_BODY = YES;
				CLANG_WARN_ENUM_CONVERSION = YES;
				CLANG_WARN_INT_CONVERSION = YES;
				CLANG_WARN_OBJC_ROOT_CLASS = YES_ERROR;
				CLANG_WARN_UNREACHABLE_CODE = YES;
				CLANG_WARN__DUPLICATE_METHOD_MATCH = YES;
				"CODE_SIGN_IDENTITY[sdk=iphoneos*]" = "iPhone Developer";
				COPY_PHASE_STRIP = NO;
				ENABLE_STRICT_OBJC_MSGSEND = YES;
				FRAMEWORK_SEARCH_PATHS = "";
				GCC_C_LANGUAGE_STANDARD = gnu99;
				GCC_DYNAMIC_NO_PIC = NO;
				GCC_OPTIMIZATION_LEVEL = 0;
				GCC_PREPROCESSOR_DEFINITIONS = (
					"DEBUG=1",
					"$(inherited)",
				);
				GCC_SYMBOLS_PRIVATE_EXTERN = NO;
				GCC_WARN_64_TO_32_BIT_CONVERSION = YES;
				GCC_WARN_ABOUT_RETURN_TYPE = YES_ERROR;
				GCC_WARN_UNDECLARED_SELECTOR = YES;
				GCC_WARN_UNINITIALIZED_AUTOS = YES_AGGRESSIVE;
				GCC_WARN_UNUSED_FUNCTION = YES;
				GCC_WARN_UNUSED_VARIABLE = YES;
				IPHONEOS_DEPLOYMENT_TARGET = 7.0;
				MTL_ENABLE_DEBUG_INFO = YES;
				ONLY_ACTIVE_ARCH = YES;
				SDKROOT = iphoneos;
				SWIFT_OPTIMIZATION_LEVEL = "-Onone";
				TARGETED_DEVICE_FAMILY = "1,2";
			};
			name = Debug;
		};
		81BA81631A49DA1800E65899 /* Release */ = {
			isa = XCBuildConfiguration;
			buildSettings = {
				ALWAYS_SEARCH_USER_PATHS = NO;
				CLANG_CXX_LANGUAGE_STANDARD = "gnu++0x";
				CLANG_CXX_LIBRARY = "libc++";
				CLANG_ENABLE_MODULES = YES;
				CLANG_ENABLE_OBJC_ARC = YES;
				CLANG_WARN_BOOL_CONVERSION = YES;
				CLANG_WARN_CONSTANT_CONVERSION = YES;
				CLANG_WARN_DIRECT_OBJC_ISA_USAGE = YES_ERROR;
				CLANG_WARN_EMPTY_BODY = YES;
				CLANG_WARN_ENUM_CONVERSION = YES;
				CLANG_WARN_INT_CONVERSION = YES;
				CLANG_WARN_OBJC_ROOT_CLASS = YES_ERROR;
				CLANG_WARN_UNREACHABLE_CODE = YES;
				CLANG_WARN__DUPLICATE_METHOD_MATCH = YES;
				"CODE_SIGN_IDENTITY[sdk=iphoneos*]" = "iPhone Developer";
				COPY_PHASE_STRIP = YES;
				ENABLE_NS_ASSERTIONS = NO;
				ENABLE_STRICT_OBJC_MSGSEND = YES;
				FRAMEWORK_SEARCH_PATHS = "";
				GCC_C_LANGUAGE_STANDARD = gnu99;
				GCC_WARN_64_TO_32_BIT_CONVERSION = YES;
				GCC_WARN_ABOUT_RETURN_TYPE = YES_ERROR;
				GCC_WARN_UNDECLARED_SELECTOR = YES;
				GCC_WARN_UNINITIALIZED_AUTOS = YES_AGGRESSIVE;
				GCC_WARN_UNUSED_FUNCTION = YES;
				GCC_WARN_UNUSED_VARIABLE = YES;
				IPHONEOS_DEPLOYMENT_TARGET = 7.0;
				MTL_ENABLE_DEBUG_INFO = NO;
				SDKROOT = iphoneos;
				TARGETED_DEVICE_FAMILY = "1,2";
				VALIDATE_PRODUCT = YES;
			};
			name = Release;
		};
		81BA81651A49DA1800E65899 /* Debug */ = {
			isa = XCBuildConfiguration;
			baseConfigurationReference = 941BB4D9C39BB5E46083781E /* Pods.debug.xcconfig */;
			buildSettings = {
				ASSETCATALOG_COMPILER_APPICON_NAME = AppIcon;
				ASSETCATALOG_COMPILER_LAUNCHIMAGE_NAME = "Brand Assets";
				CLANG_ENABLE_MODULES = YES;
				CODE_SIGN_IDENTITY = "iPhone Developer";
				"CODE_SIGN_IDENTITY[sdk=iphoneos*]" = "iPhone Developer";
				FRAMEWORK_SEARCH_PATHS = (
					"$(inherited)",
					"$(PROJECT_DIR)",
					"$(PROJECT_DIR)/ParseStarterProject",
					"${TARGET_BUILD_DIR}/**",
				);
				INFOPLIST_FILE = Resources/Info.plist;
				IPHONEOS_DEPLOYMENT_TARGET = 9.0;
				LD_RUNPATH_SEARCH_PATHS = "$(inherited) @executable_path/Frameworks";
				PRODUCT_BUNDLE_IDENTIFIER = com.techrapport.OnTheMap;
				PRODUCT_NAME = "On The Map";
				PROVISIONING_PROFILE = "";
				SWIFT_OBJC_BRIDGING_HEADER = "On-The-Map-Bridging-Header.h";
				SWIFT_OPTIMIZATION_LEVEL = "-Onone";
				TARGETED_DEVICE_FAMILY = "1,2";
			};
			name = Debug;
		};
		81BA81661A49DA1800E65899 /* Release */ = {
			isa = XCBuildConfiguration;
			baseConfigurationReference = BCDCEE359DD33029D01A6414 /* Pods.release.xcconfig */;
			buildSettings = {
				ASSETCATALOG_COMPILER_APPICON_NAME = AppIcon;
				ASSETCATALOG_COMPILER_LAUNCHIMAGE_NAME = "Brand Assets";
				CLANG_ENABLE_MODULES = YES;
				CODE_SIGN_IDENTITY = "iPhone Developer";
				"CODE_SIGN_IDENTITY[sdk=iphoneos*]" = "iPhone Developer";
				FRAMEWORK_SEARCH_PATHS = (
					"$(inherited)",
					"$(PROJECT_DIR)",
					"$(PROJECT_DIR)/ParseStarterProject",
					"${TARGET_BUILD_DIR}/**",
				);
				INFOPLIST_FILE = Resources/Info.plist;
				IPHONEOS_DEPLOYMENT_TARGET = 9.0;
				LD_RUNPATH_SEARCH_PATHS = "$(inherited) @executable_path/Frameworks";
				PRODUCT_BUNDLE_IDENTIFIER = com.techrapport.OnTheMap;
				PRODUCT_NAME = "On The Map";
				PROVISIONING_PROFILE = "d9d45131-b21e-4c8a-ba08-1fa321d290dd";
				SWIFT_OBJC_BRIDGING_HEADER = "On-The-Map-Bridging-Header.h";
				TARGETED_DEVICE_FAMILY = "1,2";
			};
			name = Release;
		};
/* End XCBuildConfiguration section */

/* Begin XCConfigurationList section */
		81BA81401A49DA1800E65899 /* Build configuration list for PBXProject "On The Map" */ = {
			isa = XCConfigurationList;
			buildConfigurations = (
				81BA81621A49DA1800E65899 /* Debug */,
				81BA81631A49DA1800E65899 /* Release */,
			);
			defaultConfigurationIsVisible = 0;
			defaultConfigurationName = Release;
		};
		81BA81641A49DA1800E65899 /* Build configuration list for PBXNativeTarget "On The Map" */ = {
			isa = XCConfigurationList;
			buildConfigurations = (
				81BA81651A49DA1800E65899 /* Debug */,
				81BA81661A49DA1800E65899 /* Release */,
			);
			defaultConfigurationIsVisible = 0;
			defaultConfigurationName = Release;
		};
/* End XCConfigurationList section */
	};
	rootObject = 81BA813D1A49DA1800E65899 /* Project object */;
}
