PODS:
  - Bolts (1.4.0):
    - Bolts/AppLinks (= 1.4.0)
    - Bolts/Tasks (= 1.4.0)
  - Bolts/AppLinks (1.4.0):
    - Bolts/Tasks
  - Bolts/Tasks (1.4.0)
  - ChameleonFramework/Default (2.0.4)
  - ChameleonFramework/Swift (2.0.4):
    - ChameleonFramework/Default
  - FBSDKCoreKit (4.7.1):
    - Bolts (~> 1.1)
    - FBSDKCoreKit/arc (= 4.7.1)
    - FBSDKCoreKit/no-arc (= 4.7.1)
  - FBSDKCoreKit/arc (4.7.1):
    - Bolts (~> 1.1)
  - FBSDKCoreKit/no-arc (4.7.1):
    - Bolts (~> 1.1)
    - FBSDKCoreKit/arc
  - FBSDKLoginKit (4.7.1):
    - FBSDKCoreKit
  - FBSDKShareKit (4.7.1):
    - FBSDKCoreKit
  - MBProgressHUD (0.9.1)
  - PKRevealController (2.0.6)
  - SSKeychain (1.2.3)
  - SwiftSpinner (0.8.0)
  - TextFieldEffects (0.4.8)

DEPENDENCIES:
  - ChameleonFramework/Swift
  - FBSDKCoreKit
  - FBSDKLoginKit
  - FBSDKShareKit
  - MBProgressHUD
  - PKRevealController
  - SSKeychain
  - SwiftSpinner
  - TextFieldEffects

SPEC CHECKSUMS:
  Bolts: 0e9bce58b9b9f5e8a7a4d47b16d2fabec289072b
  ChameleonFramework: 5abe69b1f2a6cc79c3c435fcd9d3d855748225ee
  FBSDKCoreKit: 9141b70960a37930850370495fe565f4a27ac141
  FBSDKLoginKit: c11ed3c2833472db3bb4a4aecf27af4a6f69b173
  FBSDKShareKit: 213adf63e073f41a346b0e7a689805880dc5150e
  MBProgressHUD: c47f2c166c126cf2ce36498d80f33e754d4e93ad
  PKRevealController: ffb45a16f5a5032ad90a3d16e5cbb0d8e035bd58
  SSKeychain: 3f42991739c6c60a9cf1bbd4dff6c0d3694bcf3d
  SwiftSpinner: 11c2c5ec7443d92f3026d3067ca8a91d4adef13f
  TextFieldEffects: b2462ad57cfa1533dc28f84f360a942383cf5fb7

COCOAPODS: 0.39.0
